PODS:
  - KeychainAccess (4.2.2)
  - LicensePlist (3.25.1)

DEPENDENCIES:
  - KeychainAccess
  - LicensePlist

SPEC REPOS:
  trunk:
    - KeychainAccess
    - LicensePlist

SPEC CHECKSUMS:
  KeychainAccess: c0c4f7f38f6fc7bbe58f5702e25f7bd2f65abf51
  LicensePlist: 8a2019452d6a6376d2b5a40e4170af6b62f51ee5

PODFILE CHECKSUM: 961920f07d077fd51fe57e3eda9639dba63f2a42

COCOAPODS: 1.15.2
