// !$*UTF8*$!
{
	archiveVersion = 1;
	classes = {
	};
	objectVersion = 55;
	objects = {

/* Begin PBXBuildFile section */
		670A3F03277F0E0800CE5338 /* CardFrontView.swift in Sources */ = {isa = PBXBuildFile; fileRef = 670A3F02277F0E0800CE5338 /* CardFrontView.swift */; };
		670A3F05277F0E1E00CE5338 /* CardBackView.swift in Sources */ = {isa = PBXBuildFile; fileRef = 670A3F04277F0E1E00CE5338 /* CardBackView.swift */; };
		670A3F07277F17D300CE5338 /* Color.swift in Sources */ = {isa = PBXBuildFile; fileRef = 670A3F06277F17D300CE5338 /* Color.swift */; };
		670A3F0B277F2FBE00CE5338 /* CardBackMatrixView.swift in Sources */ = {isa = PBXBuildFile; fileRef = 670A3F0A277F2FBE00CE5338 /* CardBackMatrixView.swift */; };
		670A3F0D277F559000CE5338 /* CardBackMatrixRowView.swift in Sources */ = {isa = PBXBuildFile; fileRef = 670A3F0C277F559000CE5338 /* CardBackMatrixRowView.swift */; };
		677D963C2783535D00026187 /* fonts in Resources */ = {isa = PBXBuildFile; fileRef = 677D963B2783535D00026187 /* fonts */; };
		679802D02781691800112AF4 /* String.swift in Sources */ = {isa = PBXBuildFile; fileRef = 679802CF2781691800112AF4 /* String.swift */; };
		679802D22781894300112AF4 /* GuideEditView.swift in Sources */ = {isa = PBXBuildFile; fileRef = 679802D12781894300112AF4 /* GuideEditView.swift */; };
		67A3A19E277EE47100A70F65 /* Preview Content in Resources */ = {isa = PBXBuildFile; fileRef = 67A3A19D277EE47100A70F65 /* Preview Content */; };
		67E42B2427809CDA00680C85 /* CardFlippingView.swift in Sources */ = {isa = PBXBuildFile; fileRef = 67E42B2327809CDA00680C85 /* CardFlippingView.swift */; };
		67E42B262780A40800680C85 /* View.swift in Sources */ = {isa = PBXBuildFile; fileRef = 67E42B252780A40800680C85 /* View.swift */; };
		67E42B292780A76800680C85 /* ButtonStyle.swift in Sources */ = {isa = PBXBuildFile; fileRef = 67E42B282780A76800680C85 /* ButtonStyle.swift */; };
		67E42B2C2780CC2E00680C85 /* GuideMacView.swift in Sources */ = {isa = PBXBuildFile; fileRef = 67E42B2B2780CC2E00680C85 /* GuideMacView.swift */; };
		67E42B2E2780CC3F00680C85 /* GuideiPhoneView.swift in Sources */ = {isa = PBXBuildFile; fileRef = 67E42B2D2780CC3F00680C85 /* GuideiPhoneView.swift */; };
		67FD90B1277ED5D8000FAB94 /* T2ExtensionApp.swift in Sources */ = {isa = PBXBuildFile; fileRef = 67FD90B0277ED5D8000FAB94 /* T2ExtensionApp.swift */; };
		67FD90B3277ED5D8000FAB94 /* HomeView.swift in Sources */ = {isa = PBXBuildFile; fileRef = 67FD90B2277ED5D8000FAB94 /* HomeView.swift */; };
		67FD90B5277ED5DE000FAB94 /* Assets.xcassets in Resources */ = {isa = PBXBuildFile; fileRef = 67FD90B4277ED5DE000FAB94 /* Assets.xcassets */; };
		67FD90C6277ED629000FAB94 /* SafariWebExtensionHandler_AutoLogin.swift in Sources */ = {isa = PBXBuildFile; fileRef = 67FD90C5277ED629000FAB94 /* SafariWebExtensionHandler_AutoLogin.swift */; };
		67FD90C9277ED629000FAB94 /* _locales in Resources */ = {isa = PBXBuildFile; fileRef = 67FD90C8277ED629000FAB94 /* _locales */; };
		67FD90CB277ED629000FAB94 /* images in Resources */ = {isa = PBXBuildFile; fileRef = 67FD90CA277ED629000FAB94 /* images */; };
		67FD90CD277ED629000FAB94 /* manifest.json in Resources */ = {isa = PBXBuildFile; fileRef = 67FD90CC277ED629000FAB94 /* manifest.json */; };
		67FD90CF277ED629000FAB94 /* background.js in Resources */ = {isa = PBXBuildFile; fileRef = 67FD90CE277ED629000FAB94 /* background.js */; };
		67FD90D1277ED629000FAB94 /* content.js in Resources */ = {isa = PBXBuildFile; fileRef = 67FD90D0277ED629000FAB94 /* content.js */; };
		67FD90D3277ED629000FAB94 /* popup.html in Resources */ = {isa = PBXBuildFile; fileRef = 67FD90D2277ED629000FAB94 /* popup.html */; };
		67FD90D5277ED629000FAB94 /* popup.css in Resources */ = {isa = PBXBuildFile; fileRef = 67FD90D4277ED629000FAB94 /* popup.css */; };
		67FD90D7277ED629000FAB94 /* popup.js in Resources */ = {isa = PBXBuildFile; fileRef = 67FD90D6277ED629000FAB94 /* popup.js */; };
		67FD90DB277ED629000FAB94 /* T2AutoLogin.appex in Embed App Extensions */ = {isa = PBXBuildFile; fileRef = 67FD90C3277ED629000FAB94 /* T2AutoLogin.appex */; settings = {ATTRIBUTES = (RemoveHeadersOnCopy, ); }; };
		67FD90E9277ED73E000FAB94 /* EditView.swift in Sources */ = {isa = PBXBuildFile; fileRef = 67FD90E8277ED73E000FAB94 /* EditView.swift */; };
		67FD90EC277ED760000FAB94 /* EditMatrixView.swift in Sources */ = {isa = PBXBuildFile; fileRef = 67FD90EB277ED760000FAB94 /* EditMatrixView.swift */; };
		67FD90EE277ED76E000FAB94 /* EditMatrixRowView.swift in Sources */ = {isa = PBXBuildFile; fileRef = 67FD90ED277ED76E000FAB94 /* EditMatrixRowView.swift */; };
		67FD90F0277ED7E0000FAB94 /* UserDefaults.swift in Sources */ = {isa = PBXBuildFile; fileRef = 67FD90EF277ED7E0000FAB94 /* UserDefaults.swift */; };
		67FD90F1277ED7E0000FAB94 /* UserDefaults.swift in Sources */ = {isa = PBXBuildFile; fileRef = 67FD90EF277ED7E0000FAB94 /* UserDefaults.swift */; };
/* End PBXBuildFile section */

/* Begin PBXContainerItemProxy section */
		67FD90D9277ED629000FAB94 /* PBXContainerItemProxy */ = {
			isa = PBXContainerItemProxy;
			containerPortal = 67FD90A5277ED5D8000FAB94 /* Project object */;
			proxyType = 1;
			remoteGlobalIDString = 67FD90C2277ED629000FAB94;
			remoteInfo = T2AutoLogin;
		};
/* End PBXContainerItemProxy section */

/* Begin PBXCopyFilesBuildPhase section */
		67FD90E0277ED629000FAB94 /* Embed App Extensions */ = {
			isa = PBXCopyFilesBuildPhase;
			buildActionMask = 2147483647;
			dstPath = "";
			dstSubfolderSpec = 13;
			files = (
				67FD90DB277ED629000FAB94 /* T2AutoLogin.appex in Embed App Extensions */,
			);
			name = "Embed App Extensions";
			runOnlyForDeploymentPostprocessing = 0;
		};
/* End PBXCopyFilesBuildPhase section */

/* Begin PBXFileReference section */
		670A3F02277F0E0800CE5338 /* CardFrontView.swift */ = {isa = PBXFileReference; lastKnownFileType = sourcecode.swift; path = CardFrontView.swift; sourceTree = "<group>"; };
		670A3F04277F0E1E00CE5338 /* CardBackView.swift */ = {isa = PBXFileReference; lastKnownFileType = sourcecode.swift; path = CardBackView.swift; sourceTree = "<group>"; };
		670A3F06277F17D300CE5338 /* Color.swift */ = {isa = PBXFileReference; lastKnownFileType = sourcecode.swift; path = Color.swift; sourceTree = "<group>"; };
		670A3F0A277F2FBE00CE5338 /* CardBackMatrixView.swift */ = {isa = PBXFileReference; lastKnownFileType = sourcecode.swift; path = CardBackMatrixView.swift; sourceTree = "<group>"; };
		670A3F0C277F559000CE5338 /* CardBackMatrixRowView.swift */ = {isa = PBXFileReference; lastKnownFileType = sourcecode.swift; path = CardBackMatrixRowView.swift; sourceTree = "<group>"; };
		677D963B2783535D00026187 /* fonts */ = {isa = PBXFileReference; lastKnownFileType = folder; name = fonts; path = ../../../../../../../Downloads/fonts; sourceTree = "<group>"; };
		67878EC42781F85B00E5C9CD /* Info.plist */ = {isa = PBXFileReference; lastKnownFileType = text.plist; path = Info.plist; sourceTree = "<group>"; };
		679802CF2781691800112AF4 /* String.swift */ = {isa = PBXFileReference; lastKnownFileType = sourcecode.swift; path = String.swift; sourceTree = "<group>"; };
		679802D12781894300112AF4 /* GuideEditView.swift */ = {isa = PBXFileReference; lastKnownFileType = sourcecode.swift; path = GuideEditView.swift; sourceTree = "<group>"; };
		67A3A19D277EE47100A70F65 /* Preview Content */ = {isa = PBXFileReference; lastKnownFileType = folder; name = "Preview Content"; path = "../../../.Trash/Preview Content"; sourceTree = "<group>"; };
		67A3A1A0277EE48700A70F65 /* Preview Assets.xcassets */ = {isa = PBXFileReference; lastKnownFileType = folder.assetcatalog; path = "Preview Assets.xcassets"; sourceTree = "<group>"; };
		67E42B2327809CDA00680C85 /* CardFlippingView.swift */ = {isa = PBXFileReference; lastKnownFileType = sourcecode.swift; path = CardFlippingView.swift; sourceTree = "<group>"; };
		67E42B252780A40800680C85 /* View.swift */ = {isa = PBXFileReference; lastKnownFileType = sourcecode.swift; path = View.swift; sourceTree = "<group>"; };
		67E42B282780A76800680C85 /* ButtonStyle.swift */ = {isa = PBXFileReference; lastKnownFileType = sourcecode.swift; path = ButtonStyle.swift; sourceTree = "<group>"; };
		67E42B2B2780CC2E00680C85 /* GuideMacView.swift */ = {isa = PBXFileReference; lastKnownFileType = sourcecode.swift; path = GuideMacView.swift; sourceTree = "<group>"; };
		67E42B2D2780CC3F00680C85 /* GuideiPhoneView.swift */ = {isa = PBXFileReference; lastKnownFileType = sourcecode.swift; path = GuideiPhoneView.swift; sourceTree = "<group>"; };
		67FD90AD277ED5D8000FAB94 /* T2Extension.app */ = {isa = PBXFileReference; explicitFileType = wrapper.application; includeInIndex = 0; path = T2Extension.app; sourceTree = BUILT_PRODUCTS_DIR; };
		67FD90B0277ED5D8000FAB94 /* T2ExtensionApp.swift */ = {isa = PBXFileReference; lastKnownFileType = sourcecode.swift; path = T2ExtensionApp.swift; sourceTree = "<group>"; };
		67FD90B2277ED5D8000FAB94 /* HomeView.swift */ = {isa = PBXFileReference; lastKnownFileType = sourcecode.swift; path = HomeView.swift; sourceTree = "<group>"; };
		67FD90B4277ED5DE000FAB94 /* Assets.xcassets */ = {isa = PBXFileReference; lastKnownFileType = folder.assetcatalog; path = Assets.xcassets; sourceTree = "<group>"; };
		67FD90BE277ED5EA000FAB94 /* T2Extension.entitlements */ = {isa = PBXFileReference; lastKnownFileType = text.plist.entitlements; path = T2Extension.entitlements; sourceTree = "<group>"; };
		67FD90C3277ED629000FAB94 /* T2AutoLogin.appex */ = {isa = PBXFileReference; explicitFileType = "wrapper.app-extension"; includeInIndex = 0; path = T2AutoLogin.appex; sourceTree = BUILT_PRODUCTS_DIR; };
		67FD90C5277ED629000FAB94 /* SafariWebExtensionHandler_AutoLogin.swift */ = {isa = PBXFileReference; lastKnownFileType = sourcecode.swift; path = SafariWebExtensionHandler_AutoLogin.swift; sourceTree = "<group>"; };
		67FD90C8277ED629000FAB94 /* _locales */ = {isa = PBXFileReference; lastKnownFileType = folder; path = _locales; sourceTree = "<group>"; };
		67FD90CA277ED629000FAB94 /* images */ = {isa = PBXFileReference; lastKnownFileType = folder; path = images; sourceTree = "<group>"; };
		67FD90CC277ED629000FAB94 /* manifest.json */ = {isa = PBXFileReference; lastKnownFileType = text.json; path = manifest.json; sourceTree = "<group>"; };
		67FD90CE277ED629000FAB94 /* background.js */ = {isa = PBXFileReference; lastKnownFileType = sourcecode.javascript; path = background.js; sourceTree = "<group>"; };
		67FD90D0277ED629000FAB94 /* content.js */ = {isa = PBXFileReference; lastKnownFileType = sourcecode.javascript; path = content.js; sourceTree = "<group>"; };
		67FD90D2277ED629000FAB94 /* popup.html */ = {isa = PBXFileReference; lastKnownFileType = text.html; path = popup.html; sourceTree = "<group>"; };
		67FD90D4277ED629000FAB94 /* popup.css */ = {isa = PBXFileReference; lastKnownFileType = text.css; path = popup.css; sourceTree = "<group>"; };
		67FD90D6277ED629000FAB94 /* popup.js */ = {isa = PBXFileReference; lastKnownFileType = sourcecode.javascript; path = popup.js; sourceTree = "<group>"; };
		67FD90D8277ED629000FAB94 /* Info.plist */ = {isa = PBXFileReference; lastKnownFileType = text.plist.xml; path = Info.plist; sourceTree = "<group>"; };
		67FD90DC277ED629000FAB94 /* T2AutoLogin.entitlements */ = {isa = PBXFileReference; lastKnownFileType = text.plist.entitlements; path = T2AutoLogin.entitlements; sourceTree = "<group>"; };
		67FD90E8277ED73E000FAB94 /* EditView.swift */ = {isa = PBXFileReference; lastKnownFileType = sourcecode.swift; path = EditView.swift; sourceTree = "<group>"; };
		67FD90EB277ED760000FAB94 /* EditMatrixView.swift */ = {isa = PBXFileReference; lastKnownFileType = sourcecode.swift; path = EditMatrixView.swift; sourceTree = "<group>"; };
		67FD90ED277ED76E000FAB94 /* EditMatrixRowView.swift */ = {isa = PBXFileReference; lastKnownFileType = sourcecode.swift; path = EditMatrixRowView.swift; sourceTree = "<group>"; };
		67FD90EF277ED7E0000FAB94 /* UserDefaults.swift */ = {isa = PBXFileReference; lastKnownFileType = sourcecode.swift; path = UserDefaults.swift; sourceTree = "<group>"; };
/* End PBXFileReference section */

/* Begin PBXFrameworksBuildPhase section */
		67FD90AA277ED5D8000FAB94 /* Frameworks */ = {
			isa = PBXFrameworksBuildPhase;
			buildActionMask = 2147483647;
			files = (
			);
			runOnlyForDeploymentPostprocessing = 0;
		};
		67FD90C0277ED629000FAB94 /* Frameworks */ = {
			isa = PBXFrameworksBuildPhase;
			buildActionMask = 2147483647;
			files = (
			);
			runOnlyForDeploymentPostprocessing = 0;
		};
/* End PBXFrameworksBuildPhase section */

/* Begin PBXGroup section */
		67A3A19F277EE48700A70F65 /* Preview Content */ = {
			isa = PBXGroup;
			children = (
				67A3A1A0277EE48700A70F65 /* Preview Assets.xcassets */,
			);
			path = "Preview Content";
			sourceTree = "<group>";
		};
		67E42B2227807B1C00680C85 /* Card */ = {
			isa = PBXGroup;
			children = (
				67E42B2327809CDA00680C85 /* CardFlippingView.swift */,
				670A3F02277F0E0800CE5338 /* CardFrontView.swift */,
				670A3F04277F0E1E00CE5338 /* CardBackView.swift */,
				670A3F0A277F2FBE00CE5338 /* CardBackMatrixView.swift */,
				670A3F0C277F559000CE5338 /* CardBackMatrixRowView.swift */,
			);
			path = Card;
			sourceTree = "<group>";
		};
		67E42B272780A74500680C85 /* Structures */ = {
			isa = PBXGroup;
			children = (
				67FD90EF277ED7E0000FAB94 /* UserDefaults.swift */,
				670A3F06277F17D300CE5338 /* Color.swift */,
				67E42B252780A40800680C85 /* View.swift */,
				67E42B282780A76800680C85 /* ButtonStyle.swift */,
				679802CF2781691800112AF4 /* String.swift */,
			);
			path = Structures;
			sourceTree = "<group>";
		};
		67E42B2A2780CC0500680C85 /* Guide */ = {
			isa = PBXGroup;
			children = (
				67E42B2B2780CC2E00680C85 /* GuideMacView.swift */,
				67E42B2D2780CC3F00680C85 /* GuideiPhoneView.swift */,
				679802D12781894300112AF4 /* GuideEditView.swift */,
			);
			path = Guide;
			sourceTree = "<group>";
		};
		67FD90A4277ED5D8000FAB94 = {
			isa = PBXGroup;
			children = (
				67FD90AF277ED5D8000FAB94 /* T2Extension */,
				67A3A19D277EE47100A70F65 /* Preview Content */,
				67FD90AE277ED5D8000FAB94 /* Products */,
			);
			sourceTree = "<group>";
		};
		67FD90AE277ED5D8000FAB94 /* Products */ = {
			isa = PBXGroup;
			children = (
				67FD90AD277ED5D8000FAB94 /* T2Extension.app */,
				67FD90C3277ED629000FAB94 /* T2AutoLogin.appex */,
			);
			name = Products;
			sourceTree = "<group>";
		};
		67FD90AF277ED5D8000FAB94 /* T2Extension */ = {
			isa = PBXGroup;
			children = (
				67878EC42781F85B00E5C9CD /* Info.plist */,
				67A3A19F277EE48700A70F65 /* Preview Content */,
				67FD90B0277ED5D8000FAB94 /* T2ExtensionApp.swift */,
				67FD90BE277ED5EA000FAB94 /* T2Extension.entitlements */,
				67FD90B4277ED5DE000FAB94 /* Assets.xcassets */,
				67E42B272780A74500680C85 /* Structures */,
				67FD90E1277ED69A000FAB94 /* Views */,
				67FD90E3277ED6D1000FAB94 /* Extensions */,
			);
			path = T2Extension;
			sourceTree = "<group>";
		};
		67FD90C4277ED629000FAB94 /* T2AutoLogin */ = {
			isa = PBXGroup;
			children = (
				67FD90DC277ED629000FAB94 /* T2AutoLogin.entitlements */,
				67FD90C5277ED629000FAB94 /* SafariWebExtensionHandler_AutoLogin.swift */,
				67FD90D8277ED629000FAB94 /* Info.plist */,
				67FD90C7277ED629000FAB94 /* Resources */,
			);
			path = T2AutoLogin;
			sourceTree = "<group>";
		};
		67FD90C7277ED629000FAB94 /* Resources */ = {
			isa = PBXGroup;
			children = (
				67FD90C8277ED629000FAB94 /* _locales */,
				67FD90CA277ED629000FAB94 /* images */,
				677D963B2783535D00026187 /* fonts */,
				67FD90CC277ED629000FAB94 /* manifest.json */,
				67FD90CE277ED629000FAB94 /* background.js */,
				67FD90D0277ED629000FAB94 /* content.js */,
				67FD90D2277ED629000FAB94 /* popup.html */,
				67FD90D4277ED629000FAB94 /* popup.css */,
				67FD90D6277ED629000FAB94 /* popup.js */,
			);
			path = Resources;
			sourceTree = "<group>";
		};
		67FD90E1277ED69A000FAB94 /* Views */ = {
			isa = PBXGroup;
			children = (
				67FD90B2277ED5D8000FAB94 /* HomeView.swift */,
				67E42B2227807B1C00680C85 /* Card */,
				67FD90EA277ED746000FAB94 /* Edit */,
				67E42B2A2780CC0500680C85 /* Guide */,
			);
			path = Views;
			sourceTree = "<group>";
		};
		67FD90E3277ED6D1000FAB94 /* Extensions */ = {
			isa = PBXGroup;
			children = (
				67FD90C4277ED629000FAB94 /* T2AutoLogin */,
			);
			path = Extensions;
			sourceTree = "<group>";
		};
		67FD90EA277ED746000FAB94 /* Edit */ = {
			isa = PBXGroup;
			children = (
				67FD90E8277ED73E000FAB94 /* EditView.swift */,
				67FD90EB277ED760000FAB94 /* EditMatrixView.swift */,
				67FD90ED277ED76E000FAB94 /* EditMatrixRowView.swift */,
			);
			path = Edit;
			sourceTree = "<group>";
		};
/* End PBXGroup section */

/* Begin PBXNativeTarget section */
		67FD90AC277ED5D8000FAB94 /* T2Extension */ = {
			isa = PBXNativeTarget;
			buildConfigurationList = 67FD90BB277ED5DE000FAB94 /* Build configuration list for PBXNativeTarget "T2Extension" */;
			buildPhases = (
				67FD90A9277ED5D8000FAB94 /* Sources */,
				67FD90AA277ED5D8000FAB94 /* Frameworks */,
				67FD90AB277ED5D8000FAB94 /* Resources */,
				67FD90E0277ED629000FAB94 /* Embed App Extensions */,
			);
			buildRules = (
			);
			dependencies = (
				67FD90DA277ED629000FAB94 /* PBXTargetDependency */,
			);
			name = T2Extension;
			productName = T2Extension;
			productReference = 67FD90AD277ED5D8000FAB94 /* T2Extension.app */;
			productType = "com.apple.product-type.application";
		};
		67FD90C2277ED629000FAB94 /* T2AutoLogin */ = {
			isa = PBXNativeTarget;
			buildConfigurationList = 67FD90DD277ED629000FAB94 /* Build configuration list for PBXNativeTarget "T2AutoLogin" */;
			buildPhases = (
				67FD90BF277ED629000FAB94 /* Sources */,
				67FD90C0277ED629000FAB94 /* Frameworks */,
				67FD90C1277ED629000FAB94 /* Resources */,
			);
			buildRules = (
			);
			dependencies = (
			);
			name = T2AutoLogin;
			productName = T2AutoLogin;
			productReference = 67FD90C3277ED629000FAB94 /* T2AutoLogin.appex */;
			productType = "com.apple.product-type.app-extension";
		};
/* End PBXNativeTarget section */

/* Begin PBXProject section */
		67FD90A5277ED5D8000FAB94 /* Project object */ = {
			isa = PBXProject;
			attributes = {
				BuildIndependentTargetsInParallel = 1;
				LastSwiftUpdateCheck = 1320;
				LastUpgradeCheck = 1320;
				TargetAttributes = {
					67FD90AC277ED5D8000FAB94 = {
						CreatedOnToolsVersion = 13.2.1;
					};
					67FD90C2277ED629000FAB94 = {
						CreatedOnToolsVersion = 13.2.1;
					};
				};
			};
			buildConfigurationList = 67FD90A8277ED5D8000FAB94 /* Build configuration list for PBXProject "T2Extension" */;
			compatibilityVersion = "Xcode 13.0";
			developmentRegion = en;
			hasScannedForEncodings = 0;
			knownRegions = (
				en,
				Base,
			);
			mainGroup = 67FD90A4277ED5D8000FAB94;
			productRefGroup = 67FD90AE277ED5D8000FAB94 /* Products */;
			projectDirPath = "";
			projectRoot = "";
			targets = (
				67FD90AC277ED5D8000FAB94 /* T2Extension */,
				67FD90C2277ED629000FAB94 /* T2AutoLogin */,
			);
		};
/* End PBXProject section */

/* Begin PBXResourcesBuildPhase section */
		67FD90AB277ED5D8000FAB94 /* Resources */ = {
			isa = PBXResourcesBuildPhase;
			buildActionMask = 2147483647;
			files = (
				67A3A19E277EE47100A70F65 /* Preview Content in Resources */,
				67FD90B5277ED5DE000FAB94 /* Assets.xcassets in Resources */,
			);
			runOnlyForDeploymentPostprocessing = 0;
		};
		67FD90C1277ED629000FAB94 /* Resources */ = {
			isa = PBXResourcesBuildPhase;
			buildActionMask = 2147483647;
			files = (
				67FD90CF277ED629000FAB94 /* background.js in Resources */,
				67FD90D5277ED629000FAB94 /* popup.css in Resources */,
				67FD90D3277ED629000FAB94 /* popup.html in Resources */,
				67FD90CB277ED629000FAB94 /* images in Resources */,
				67FD90CD277ED629000FAB94 /* manifest.json in Resources */,
				67FD90C9277ED629000FAB94 /* _locales in Resources */,
				677D963C2783535D00026187 /* fonts in Resources */,
				67FD90D1277ED629000FAB94 /* content.js in Resources */,
				67FD90D7277ED629000FAB94 /* popup.js in Resources */,
			);
			runOnlyForDeploymentPostprocessing = 0;
		};
/* End PBXResourcesBuildPhase section */

/* Begin PBXSourcesBuildPhase section */
		67FD90A9277ED5D8000FAB94 /* Sources */ = {
			isa = PBXSourcesBuildPhase;
			buildActionMask = 2147483647;
			files = (
				67E42B262780A40800680C85 /* View.swift in Sources */,
				67FD90B3277ED5D8000FAB94 /* HomeView.swift in Sources */,
				67FD90EC277ED760000FAB94 /* EditMatrixView.swift in Sources */,
				679802D22781894300112AF4 /* GuideEditView.swift in Sources */,
				670A3F0B277F2FBE00CE5338 /* CardBackMatrixView.swift in Sources */,
				67FD90F0277ED7E0000FAB94 /* UserDefaults.swift in Sources */,
				670A3F05277F0E1E00CE5338 /* CardBackView.swift in Sources */,
				67FD90B1277ED5D8000FAB94 /* T2ExtensionApp.swift in Sources */,
				67E42B292780A76800680C85 /* ButtonStyle.swift in Sources */,
				670A3F0D277F559000CE5338 /* CardBackMatrixRowView.swift in Sources */,
				670A3F03277F0E0800CE5338 /* CardFrontView.swift in Sources */,
				67FD90EE277ED76E000FAB94 /* EditMatrixRowView.swift in Sources */,
				67FD90E9277ED73E000FAB94 /* EditView.swift in Sources */,
				67E42B2E2780CC3F00680C85 /* GuideiPhoneView.swift in Sources */,
				670A3F07277F17D300CE5338 /* Color.swift in Sources */,
				679802D02781691800112AF4 /* String.swift in Sources */,
				67E42B2C2780CC2E00680C85 /* GuideMacView.swift in Sources */,
				67E42B2427809CDA00680C85 /* CardFlippingView.swift in Sources */,
			);
			runOnlyForDeploymentPostprocessing = 0;
		};
		67FD90BF277ED629000FAB94 /* Sources */ = {
			isa = PBXSourcesBuildPhase;
			buildActionMask = 2147483647;
			files = (
				67FD90F1277ED7E0000FAB94 /* UserDefaults.swift in Sources */,
				67FD90C6277ED629000FAB94 /* SafariWebExtensionHandler_AutoLogin.swift in Sources */,
			);
			runOnlyForDeploymentPostprocessing = 0;
		};
/* End PBXSourcesBuildPhase section */

/* Begin PBXTargetDependency section */
		67FD90DA277ED629000FAB94 /* PBXTargetDependency */ = {
			isa = PBXTargetDependency;
			target = 67FD90C2277ED629000FAB94 /* T2AutoLogin */;
			targetProxy = 67FD90D9277ED629000FAB94 /* PBXContainerItemProxy */;
		};
/* End PBXTargetDependency section */

/* Begin XCBuildConfiguration section */
		67FD90B9277ED5DE000FAB94 /* Debug */ = {
			isa = XCBuildConfiguration;
			buildSettings = {
				ALWAYS_SEARCH_USER_PATHS = NO;
				CLANG_ANALYZER_NONNULL = YES;
				CLANG_ANALYZER_NUMBER_OBJECT_CONVERSION = YES_AGGRESSIVE;
				CLANG_CXX_LANGUAGE_STANDARD = "gnu++17";
				CLANG_CXX_LIBRARY = "libc++";
				CLANG_ENABLE_MODULES = YES;
				CLANG_ENABLE_OBJC_ARC = YES;
				CLANG_ENABLE_OBJC_WEAK = YES;
				CLANG_WARN_BLOCK_CAPTURE_AUTORELEASING = YES;
				CLANG_WARN_BOOL_CONVERSION = YES;
				CLANG_WARN_COMMA = YES;
				CLANG_WARN_CONSTANT_CONVERSION = YES;
				CLANG_WARN_DEPRECATED_OBJC_IMPLEMENTATIONS = YES;
				CLANG_WARN_DIRECT_OBJC_ISA_USAGE = YES_ERROR;
				CLANG_WARN_DOCUMENTATION_COMMENTS = YES;
				CLANG_WARN_EMPTY_BODY = YES;
				CLANG_WARN_ENUM_CONVERSION = YES;
				CLANG_WARN_INFINITE_RECURSION = YES;
				CLANG_WARN_INT_CONVERSION = YES;
				CLANG_WARN_NON_LITERAL_NULL_CONVERSION = YES;
				CLANG_WARN_OBJC_IMPLICIT_RETAIN_SELF = YES;
				CLANG_WARN_OBJC_LITERAL_CONVERSION = YES;
				CLANG_WARN_OBJC_ROOT_CLASS = YES_ERROR;
				CLANG_WARN_QUOTED_INCLUDE_IN_FRAMEWORK_HEADER = YES;
				CLANG_WARN_RANGE_LOOP_ANALYSIS = YES;
				CLANG_WARN_STRICT_PROTOTYPES = YES;
				CLANG_WARN_SUSPICIOUS_MOVE = YES;
				CLANG_WARN_UNGUARDED_AVAILABILITY = YES_AGGRESSIVE;
				CLANG_WARN_UNREACHABLE_CODE = YES;
				CLANG_WARN__DUPLICATE_METHOD_MATCH = YES;
				COPY_PHASE_STRIP = NO;
				DEBUG_INFORMATION_FORMAT = dwarf;
				ENABLE_STRICT_OBJC_MSGSEND = YES;
				ENABLE_TESTABILITY = YES;
				GCC_C_LANGUAGE_STANDARD = gnu11;
				GCC_DYNAMIC_NO_PIC = NO;
				GCC_NO_COMMON_BLOCKS = YES;
				GCC_OPTIMIZATION_LEVEL = 0;
				GCC_PREPROCESSOR_DEFINITIONS = (
					"DEBUG=1",
					"$(inherited)",
				);
				GCC_WARN_64_TO_32_BIT_CONVERSION = YES;
				GCC_WARN_ABOUT_RETURN_TYPE = YES_ERROR;
				GCC_WARN_UNDECLARED_SELECTOR = YES;
				GCC_WARN_UNINITIALIZED_AUTOS = YES_AGGRESSIVE;
				GCC_WARN_UNUSED_FUNCTION = YES;
				GCC_WARN_UNUSED_VARIABLE = YES;
				IPHONEOS_DEPLOYMENT_TARGET = 15.0;
				MTL_ENABLE_DEBUG_INFO = INCLUDE_SOURCE;
				MTL_FAST_MATH = YES;
				ONLY_ACTIVE_ARCH = YES;
				SDKROOT = iphoneos;
				SWIFT_ACTIVE_COMPILATION_CONDITIONS = DEBUG;
				SWIFT_OPTIMIZATION_LEVEL = "-Onone";
			};
			name = Debug;
		};
		67FD90BA277ED5DE000FAB94 /* Release */ = {
			isa = XCBuildConfiguration;
			buildSettings = {
				ALWAYS_SEARCH_USER_PATHS = NO;
				CLANG_ANALYZER_NONNULL = YES;
				CLANG_ANALYZER_NUMBER_OBJECT_CONVERSION = YES_AGGRESSIVE;
				CLANG_CXX_LANGUAGE_STANDARD = "gnu++17";
				CLANG_CXX_LIBRARY = "libc++";
				CLANG_ENABLE_MODULES = YES;
				CLANG_ENABLE_OBJC_ARC = YES;
				CLANG_ENABLE_OBJC_WEAK = YES;
				CLANG_WARN_BLOCK_CAPTURE_AUTORELEASING = YES;
				CLANG_WARN_BOOL_CONVERSION = YES;
				CLANG_WARN_COMMA = YES;
				CLANG_WARN_CONSTANT_CONVERSION = YES;
				CLANG_WARN_DEPRECATED_OBJC_IMPLEMENTATIONS = YES;
				CLANG_WARN_DIRECT_OBJC_ISA_USAGE = YES_ERROR;
				CLANG_WARN_DOCUMENTATION_COMMENTS = YES;
				CLANG_WARN_EMPTY_BODY = YES;
				CLANG_WARN_ENUM_CONVERSION = YES;
				CLANG_WARN_INFINITE_RECURSION = YES;
				CLANG_WARN_INT_CONVERSION = YES;
				CLANG_WARN_NON_LITERAL_NULL_CONVERSION = YES;
				CLANG_WARN_OBJC_IMPLICIT_RETAIN_SELF = YES;
				CLANG_WARN_OBJC_LITERAL_CONVERSION = YES;
				CLANG_WARN_OBJC_ROOT_CLASS = YES_ERROR;
				CLANG_WARN_QUOTED_INCLUDE_IN_FRAMEWORK_HEADER = YES;
				CLANG_WARN_RANGE_LOOP_ANALYSIS = YES;
				CLANG_WARN_STRICT_PROTOTYPES = YES;
				CLANG_WARN_SUSPICIOUS_MOVE = YES;
				CLANG_WARN_UNGUARDED_AVAILABILITY = YES_AGGRESSIVE;
				CLANG_WARN_UNREACHABLE_CODE = YES;
				CLANG_WARN__DUPLICATE_METHOD_MATCH = YES;
				COPY_PHASE_STRIP = NO;
				DEBUG_INFORMATION_FORMAT = "dwarf-with-dsym";
				ENABLE_NS_ASSERTIONS = NO;
				ENABLE_STRICT_OBJC_MSGSEND = YES;
				GCC_C_LANGUAGE_STANDARD = gnu11;
				GCC_NO_COMMON_BLOCKS = YES;
				GCC_WARN_64_TO_32_BIT_CONVERSION = YES;
				GCC_WARN_ABOUT_RETURN_TYPE = YES_ERROR;
				GCC_WARN_UNDECLARED_SELECTOR = YES;
				GCC_WARN_UNINITIALIZED_AUTOS = YES_AGGRESSIVE;
				GCC_WARN_UNUSED_FUNCTION = YES;
				GCC_WARN_UNUSED_VARIABLE = YES;
				IPHONEOS_DEPLOYMENT_TARGET = 15.0;
				MTL_ENABLE_DEBUG_INFO = NO;
				MTL_FAST_MATH = YES;
				SDKROOT = iphoneos;
				SWIFT_COMPILATION_MODE = wholemodule;
				SWIFT_OPTIMIZATION_LEVEL = "-O";
				VALIDATE_PRODUCT = YES;
			};
			name = Release;
		};
		67FD90BC277ED5DE000FAB94 /* Debug */ = {
			isa = XCBuildConfiguration;
			buildSettings = {
				ALWAYS_EMBED_SWIFT_STANDARD_LIBRARIES = YES;
				ASSETCATALOG_COMPILER_APPICON_NAME = AppIcon;
				ASSETCATALOG_COMPILER_GLOBAL_ACCENT_COLOR_NAME = AccentColor;
				ASSETCATALOG_COMPILER_INCLUDE_ALL_APPICON_ASSETS = NO;
				CODE_SIGN_ENTITLEMENTS = T2Extension/T2Extension.entitlements;
				CODE_SIGN_STYLE = Automatic;
				CURRENT_PROJECT_VERSION = 1;
				DEVELOPMENT_ASSET_PATHS = "\"T2Extension/Preview Content\"";
				DEVELOPMENT_TEAM = CC2UWUR3MQ;
				ENABLE_PREVIEWS = YES;
				GENERATE_INFOPLIST_FILE = YES;
				INFOPLIST_FILE = T2Extension/Info.plist;
				INFOPLIST_KEY_UIApplicationSceneManifest_Generation = YES;
				INFOPLIST_KEY_UIApplicationSupportsIndirectInputEvents = YES;
				INFOPLIST_KEY_UILaunchScreen_Generation = YES;
				INFOPLIST_KEY_UISupportedInterfaceOrientations = UIInterfaceOrientationPortrait;
				INFOPLIST_KEY_UISupportedInterfaceOrientations_iPad = "UIInterfaceOrientationPortrait UIInterfaceOrientationPortraitUpsideDown UIInterfaceOrientationLandscapeLeft UIInterfaceOrientationLandscapeRight";
				INFOPLIST_KEY_UISupportedInterfaceOrientations_iPhone = "UIInterfaceOrientationPortrait UIInterfaceOrientationLandscapeLeft UIInterfaceOrientationLandscapeRight";
				IPHONEOS_DEPLOYMENT_TARGET = 15.0;
				LD_RUNPATH_SEARCH_PATHS = (
					"$(inherited)",
					"@executable_path/Frameworks",
				);
				MARKETING_VERSION = 1.0.0;
				PRODUCT_BUNDLE_IDENTIFIER = tokyo.sheat.T2Extension;
				PRODUCT_NAME = "$(TARGET_NAME)";
				SUPPORTS_MACCATALYST = YES;
				SUPPORTS_MAC_DESIGNED_FOR_IPHONE_IPAD = NO;
				SWIFT_EMIT_LOC_STRINGS = YES;
				SWIFT_VERSION = 5.0;
				TARGETED_DEVICE_FAMILY = "1,2,6";
			};
			name = Debug;
		};
		67FD90BD277ED5DE000FAB94 /* Release */ = {
			isa = XCBuildConfiguration;
			buildSettings = {
				ALWAYS_EMBED_SWIFT_STANDARD_LIBRARIES = YES;
				ASSETCATALOG_COMPILER_APPICON_NAME = AppIcon;
				ASSETCATALOG_COMPILER_GLOBAL_ACCENT_COLOR_NAME = AccentColor;
				ASSETCATALOG_COMPILER_INCLUDE_ALL_APPICON_ASSETS = NO;
				CODE_SIGN_ENTITLEMENTS = T2Extension/T2Extension.entitlements;
				CODE_SIGN_STYLE = Automatic;
				CURRENT_PROJECT_VERSION = 1;
				DEVELOPMENT_ASSET_PATHS = "\"T2Extension/Preview Content\"";
				DEVELOPMENT_TEAM = CC2UWUR3MQ;
				ENABLE_PREVIEWS = YES;
				GENERATE_INFOPLIST_FILE = YES;
				INFOPLIST_FILE = T2Extension/Info.plist;
				INFOPLIST_KEY_UIApplicationSceneManifest_Generation = YES;
				INFOPLIST_KEY_UIApplicationSupportsIndirectInputEvents = YES;
				INFOPLIST_KEY_UILaunchScreen_Generation = YES;
				INFOPLIST_KEY_UISupportedInterfaceOrientations = UIInterfaceOrientationPortrait;
				INFOPLIST_KEY_UISupportedInterfaceOrientations_iPad = "UIInterfaceOrientationPortrait UIInterfaceOrientationPortraitUpsideDown UIInterfaceOrientationLandscapeLeft UIInterfaceOrientationLandscapeRight";
				INFOPLIST_KEY_UISupportedInterfaceOrientations_iPhone = "UIInterfaceOrientationPortrait UIInterfaceOrientationLandscapeLeft UIInterfaceOrientationLandscapeRight";
				IPHONEOS_DEPLOYMENT_TARGET = 15.0;
				LD_RUNPATH_SEARCH_PATHS = (
					"$(inherited)",
					"@executable_path/Frameworks",
				);
				MARKETING_VERSION = 1.0.0;
				PRODUCT_BUNDLE_IDENTIFIER = tokyo.sheat.T2Extension;
				PRODUCT_NAME = "$(TARGET_NAME)";
				SUPPORTS_MACCATALYST = YES;
				SUPPORTS_MAC_DESIGNED_FOR_IPHONE_IPAD = NO;
				SWIFT_EMIT_LOC_STRINGS = YES;
				SWIFT_VERSION = 5.0;
				TARGETED_DEVICE_FAMILY = "1,2,6";
			};
			name = Release;
		};
		67FD90DE277ED629000FAB94 /* Debug */ = {
			isa = XCBuildConfiguration;
			buildSettings = {
				CODE_SIGN_ENTITLEMENTS = T2Extension/Extensions/T2AutoLogin/T2AutoLogin.entitlements;
				CODE_SIGN_STYLE = Automatic;
				CURRENT_PROJECT_VERSION = 1;
				DEVELOPMENT_TEAM = CC2UWUR3MQ;
				GENERATE_INFOPLIST_FILE = YES;
				INFOPLIST_FILE = T2Extension/Extensions/T2AutoLogin/Info.plist;
				INFOPLIST_KEY_CFBundleDisplayName = T2AutoLogin;
				INFOPLIST_KEY_NSHumanReadableCopyright = "";
				IPHONEOS_DEPLOYMENT_TARGET = 15.0;
				LD_RUNPATH_SEARCH_PATHS = (
					"$(inherited)",
					"@executable_path/Frameworks",
					"@executable_path/../../Frameworks",
				);
				MARKETING_VERSION = 1.0;
				OTHER_LDFLAGS = (
					"-framework",
					SafariServices,
				);
				PRODUCT_BUNDLE_IDENTIFIER = tokyo.sheat.T2Extension.T2AutoLogin;
				PRODUCT_NAME = "$(TARGET_NAME)";
				SKIP_INSTALL = YES;
				SUPPORTS_MACCATALYST = YES;
				SUPPORTS_MAC_DESIGNED_FOR_IPHONE_IPAD = NO;
				SWIFT_EMIT_LOC_STRINGS = YES;
				SWIFT_VERSION = 5.0;
				TARGETED_DEVICE_FAMILY = "1,2,6";
			};
			name = Debug;
		};
		67FD90DF277ED629000FAB94 /* Release */ = {
			isa = XCBuildConfiguration;
			buildSettings = {
				CODE_SIGN_ENTITLEMENTS = T2Extension/Extensions/T2AutoLogin/T2AutoLogin.entitlements;
				CODE_SIGN_STYLE = Automatic;
				CURRENT_PROJECT_VERSION = 1;
				DEVELOPMENT_TEAM = CC2UWUR3MQ;
				GENERATE_INFOPLIST_FILE = YES;
				INFOPLIST_FILE = T2Extension/Extensions/T2AutoLogin/Info.plist;
				INFOPLIST_KEY_CFBundleDisplayName = T2AutoLogin;
				INFOPLIST_KEY_NSHumanReadableCopyright = "";
				IPHONEOS_DEPLOYMENT_TARGET = 15.0;
				LD_RUNPATH_SEARCH_PATHS = (
					"$(inherited)",
					"@executable_path/Frameworks",
					"@executable_path/../../Frameworks",
				);
				MARKETING_VERSION = 1.0;
				OTHER_LDFLAGS = (
					"-framework",
					SafariServices,
				);
				PRODUCT_BUNDLE_IDENTIFIER = tokyo.sheat.T2Extension.T2AutoLogin;
				PRODUCT_NAME = "$(TARGET_NAME)";
				SKIP_INSTALL = YES;
				SUPPORTS_MACCATALYST = YES;
				SUPPORTS_MAC_DESIGNED_FOR_IPHONE_IPAD = NO;
				SWIFT_EMIT_LOC_STRINGS = YES;
				SWIFT_VERSION = 5.0;
				TARGETED_DEVICE_FAMILY = "1,2,6";
			};
			name = Release;
		};
/* End XCBuildConfiguration section */

/* Begin XCConfigurationList section */
		67FD90A8277ED5D8000FAB94 /* Build configuration list for PBXProject "T2Extension" */ = {
			isa = XCConfigurationList;
			buildConfigurations = (
				67FD90B9277ED5DE000FAB94 /* Debug */,
				67FD90BA277ED5DE000FAB94 /* Release */,
			);
			defaultConfigurationIsVisible = 0;
			defaultConfigurationName = Release;
		};
		67FD90BB277ED5DE000FAB94 /* Build configuration list for PBXNativeTarget "T2Extension" */ = {
			isa = XCConfigurationList;
			buildConfigurations = (
				67FD90BC277ED5DE000FAB94 /* Debug */,
				67FD90BD277ED5DE000FAB94 /* Release */,
			);
			defaultConfigurationIsVisible = 0;
			defaultConfigurationName = Release;
		};
		67FD90DD277ED629000FAB94 /* Build configuration list for PBXNativeTarget "T2AutoLogin" */ = {
			isa = XCConfigurationList;
			buildConfigurations = (
				67FD90DE277ED629000FAB94 /* Debug */,
				67FD90DF277ED629000FAB94 /* Release */,
			);
			defaultConfigurationIsVisible = 0;
			defaultConfigurationName = Release;
		};
/* End XCConfigurationList section */
	};
	rootObject = 67FD90A5277ED5D8000FAB94 /* Project object */;
}
